
Microsoft Visual Studio Solution File, Format Version 12.00
# Visual Studio Version 16
VisualStudioVersion = 16.0.30611.23
MinimumVisualStudioVersion = 10.0.40219.1
Project("{8BC9CEB8-8B4A-11D0-8D11-00A0C91BC942}") = "RayTracingInOneWeek", "RayTracingInOneWeek.vcxproj", "{907DE645-9CCF-4802-AE99-5A835B340D41}"
EndProject
Global
	GlobalSection(SolutionConfigurationPlatforms) = preSolution
		Debug|x64 = Debug|x64
		Debug|x86 = Debug|x86
		Release|x64 = Release|x64
		Release|x86 = Release|x86
	EndGlobalSection
	GlobalSection(ProjectConfigurationPlatforms) = postSolution
		{907DE645-9CCF-4802-AE99-5A835B340D41}.Debug|x64.ActiveCfg = Debug|x64
		{907DE645-9CCF-4802-AE99-5A835B340D41}.Debug|x64.Build.0 = Debug|x64
		{907DE645-9CCF-4802-AE99-5A835B340D41}.Debug|x86.ActiveCfg = Debug|Win32
		{907DE645-9CCF-4802-AE99-5A835B340D41}.Debug|x86.Build.0 = Debug|Win32
		{907DE645-9CCF-4802-AE99-5A835B340D41}.Release|x64.ActiveCfg = Release|x64
		{907DE645-9CCF-4802-AE99-5A835B340D41}.Release|x64.Build.0 = Release|x64
		{907DE645-9CCF-4802-AE99-5A835B340D41}.Release|x86.ActiveCfg = Release|Win32
		{907DE645-9CCF-4802-AE99-5A835B340D41}.Release|x86.Build.0 = Release|Win32
	EndGlobalSection
	GlobalSection(SolutionProperties) = preSolution
		HideSolutionNode = FALSE
	EndGlobalSection
	GlobalSection(ExtensibilityGlobals) = postSolution
		SolutionGuid = {BEFE71E3-B735-4165-B998-E89FE978367A}
	EndGlobalSection
EndGlobal
